Microsoft Visual Studio Solution File, Format Version 12.00
# Visual Studio 15
VisualStudioVersion = 15.0.27703.2047
MinimumVisualStudioVersion = 10.0.40219.1
Project("{9A19103F-16F7-4668-BE54-9A1E7A4F7556}") = "InnoTech.CarRental.Core", "InnoTech.CarRental.Core\InnoTech.CarRental.Core.csproj", "{AE725CF1-DE74-46AB-BC28-5DDA08818C12}"
EndProject
Project("{9A19103F-16F7-4668-BE54-9A1E7A4F7556}") = "InnoTech.Core.Entities", "InnoTech.Core.Entities\InnoTech.Core.Entities.csproj", "{FD696350-FA63-4C8B-A023-0AEBBB256290}"
EndProject
Project("{9A19103F-16F7-4668-BE54-9A1E7A4F7556}") = "InnoTech.CarRental.Infrastructure.Data", "InnoTech.CarRental.Infrastructure.Data\InnoTech.CarRental.Infrastructure.Data.csproj", "{0688B12A-2291-4F46-934A-15BC899747F8}"
EndProject
Project("{9A19103F-16F7-4668-BE54-9A1E7A4F7556}") = "InnoTech.CarRental.ConsoleApp", "InnoTech.CarRental.ConsoleApp\InnoTech.CarRental.ConsoleApp.csproj", "{098DA155-2939-41DC-9F97-9822C22D7519}"
EndProject
Project("{2150E333-8FDC-42A3-9474-1A3956D46DE8}") = "UI", "UI", "{16D6A757-9156-4DE2-BE69-582C6A9A1EEC}"
EndProject
Project("{2150E333-8FDC-42A3-9474-1A3956D46DE8}") = "Infrastructure", "Infrastructure", "{E253ED13-3481-4054-8AEA-48F376A6879D}"
EndProject
Project("{2150E333-8FDC-42A3-9474-1A3956D46DE8}") = "Core", "Core", "{1307B4EA-B64A-4D25-B9CB-B1EAB21FCB84}"
EndProject
Global
	GlobalSection(SolutionConfigurationPlatforms) = preSolution
		Debug|Any CPU = Debug|Any CPU
		Release|Any CPU = Release|Any CPU
	EndGlobalSection
	GlobalSection(ProjectConfigurationPlatforms) = postSolution
		{AE725CF1-DE74-46AB-BC28-5DDA08818C12}.Debug|Any CPU.ActiveCfg = Debug|Any CPU
		{AE725CF1-DE74-46AB-BC28-5DDA08818C12}.Debug|Any CPU.Build.0 = Debug|Any CPU
		{AE725CF1-DE74-46AB-BC28-5DDA08818C12}.Release|Any CPU.ActiveCfg = Release|Any CPU
		{AE725CF1-DE74-46AB-BC28-5DDA08818C12}.Release|Any CPU.Build.0 = Release|Any CPU
		{FD696350-FA63-4C8B-A023-0AEBBB256290}.Debug|Any CPU.ActiveCfg = Debug|Any CPU
		{FD696350-FA63-4C8B-A023-0AEBBB256290}.Debug|Any CPU.Build.0 = Debug|Any CPU
		{FD696350-FA63-4C8B-A023-0AEBBB256290}.Release|Any CPU.ActiveCfg = Release|Any CPU
		{FD696350-FA63-4C8B-A023-0AEBBB256290}.Release|Any CPU.Build.0 = Release|Any CPU
		{0688B12A-2291-4F46-934A-15BC899747F8}.Debug|Any CPU.ActiveCfg = Debug|Any CPU
		{0688B12A-2291-4F46-934A-15BC899747F8}.Debug|Any CPU.Build.0 = Debug|Any CPU
		{0688B12A-2291-4F46-934A-15BC899747F8}.Release|Any CPU.ActiveCfg = Release|Any CPU
		{0688B12A-2291-4F46-934A-15BC899747F8}.Release|Any CPU.Build.0 = Release|Any CPU
		{098DA155-2939-41DC-9F97-9822C22D7519}.Debug|Any CPU.ActiveCfg = Debug|Any CPU
		{098DA155-2939-41DC-9F97-9822C22D7519}.Debug|Any CPU.Build.0 = Debug|Any CPU
		{098DA155-2939-41DC-9F97-9822C22D7519}.Release|Any CPU.ActiveCfg = Release|Any CPU
		{098DA155-2939-41DC-9F97-9822C22D7519}.Release|Any CPU.Build.0 = Release|Any CPU
	EndGlobalSection
	GlobalSection(SolutionProperties) = preSolution
		HideSolutionNode = FALSE
	EndGlobalSection
	GlobalSection(NestedProjects) = preSolution
		{AE725CF1-DE74-46AB-BC28-5DDA08818C12} = {1307B4EA-B64A-4D25-B9CB-B1EAB21FCB84}
		{FD696350-FA63-4C8B-A023-0AEBBB256290} = {1307B4EA-B64A-4D25-B9CB-B1EAB21FCB84}
		{0688B12A-2291-4F46-934A-15BC899747F8} = {E253ED13-3481-4054-8AEA-48F376A6879D}
		{098DA155-2939-41DC-9F97-9822C22D7519} = {16D6A757-9156-4DE2-BE69-582C6A9A1EEC}
	EndGlobalSection
	GlobalSection(ExtensibilityGlobals) = postSolution
		SolutionGuid = {16665A95-AA2B-41A8-BEDC-8F5D6109ABAC}
	EndGlobalSection
EndGlobal
